
Microsoft Visual Studio Solution File, Format Version 12.00
# Visual Studio 15
VisualStudioVersion = 15.0.28307.1259
MinimumVisualStudioVersion = 10.0.40219.1
Project("{888888A0-9F3D-457C-B088-3A5042F75D52}") = "task1", "task1\task1.pyproj", "{640053AA-67E8-4AE3-8E64-555C4D5CC453}"
EndProject
Global
	GlobalSection(SolutionConfigurationPlatforms) = preSolution
		Debug|Any CPU = Debug|Any CPU
		Release|Any CPU = Release|Any CPU
	EndGlobalSection
	GlobalSection(ProjectConfigurationPlatforms) = postSolution
		{640053AA-67E8-4AE3-8E64-555C4D5CC453}.Debug|Any CPU.ActiveCfg = Debug|Any CPU
		{640053AA-67E8-4AE3-8E64-555C4D5CC453}.Release|Any CPU.ActiveCfg = Release|Any CPU
	EndGlobalSection
	GlobalSection(SolutionProperties) = preSolution
		HideSolutionNode = FALSE
	EndGlobalSection
	GlobalSection(ExtensibilityGlobals) = postSolution
		SolutionGuid = {518DA10C-FB21-4D90-8FB2-3DD304025C6C}
	EndGlobalSection
EndGlobal
